
Microsoft Visual Studio Solution File, Format Version 12.00
# Visual Studio Version 16
VisualStudioVersion = 16.0.30204.135
MinimumVisualStudioVersion = 10.0.40219.1
Project("{8BC9CEB8-8B4A-11D0-8D11-00A0C91BC942}") = "Project_P", "Project_P\Project_P.vcxproj", "{E1954A0F-6917-459C-95A1-F4AE6AA4A456}"
EndProject
Global
	GlobalSection(SolutionConfigurationPlatforms) = preSolution
		Debug|x64 = Debug|x64
		Debug|x86 = Debug|x86
		Release|x64 = Release|x64
		Release|x86 = Release|x86
	EndGlobalSection
	GlobalSection(ProjectConfigurationPlatforms) = postSolution
		{E1954A0F-6917-459C-95A1-F4AE6AA4A456}.Debug|x64.ActiveCfg = Debug|x64
		{E1954A0F-6917-459C-95A1-F4AE6AA4A456}.Debug|x64.Build.0 = Debug|x64
		{E1954A0F-6917-459C-95A1-F4AE6AA4A456}.Debug|x86.ActiveCfg = Debug|Win32
		{E1954A0F-6917-459C-95A1-F4AE6AA4A456}.Debug|x86.Build.0 = Debug|Win32
		{E1954A0F-6917-459C-95A1-F4AE6AA4A456}.Release|x64.ActiveCfg = Release|x64
		{E1954A0F-6917-459C-95A1-F4AE6AA4A456}.Release|x64.Build.0 = Release|x64
		{E1954A0F-6917-459C-95A1-F4AE6AA4A456}.Release|x86.ActiveCfg = Release|Win32
		{E1954A0F-6917-459C-95A1-F4AE6AA4A456}.Release|x86.Build.0 = Release|Win32
	EndGlobalSection
	GlobalSection(SolutionProperties) = preSolution
		HideSolutionNode = FALSE
	EndGlobalSection
	GlobalSection(ExtensibilityGlobals) = postSolution
		SolutionGuid = {147261C7-598E-4084-BA16-16CEAA1BF04F}
	EndGlobalSection
EndGlobal
